// !$*UTF8*$!
{
	archiveVersion = 1;
	classes = {
	};
	objectVersion = 46;
	objects = {

/* Begin PBXBuildFile section */
		99CFFC0FF6C403D329ADE10D /* libPods.a in Frameworks */ = {isa = PBXBuildFile; fileRef = 0B62F2782B2131C5219F9A33 /* libPods.a */; };
		DB3BCFF51B7D98AC000452E9 /* main.m in Sources */ = {isa = PBXBuildFile; fileRef = DB3BCFF41B7D98AC000452E9 /* main.m */; };
		DB3BCFF81B7D98AC000452E9 /* AppDelegate.m in Sources */ = {isa = PBXBuildFile; fileRef = DB3BCFF71B7D98AC000452E9 /* AppDelegate.m */; };
		DB3BCFFB1B7D98AC000452E9 /* ViewController.m in Sources */ = {isa = PBXBuildFile; fileRef = DB3BCFFA1B7D98AC000452E9 /* ViewController.m */; };
		DB3BCFFE1B7D98AC000452E9 /* Main.storyboard in Resources */ = {isa = PBXBuildFile; fileRef = DB3BCFFC1B7D98AC000452E9 /* Main.storyboard */; };
		DB3BD0001B7D98AC000452E9 /* Assets.xcassets in Resources */ = {isa = PBXBuildFile; fileRef = DB3BCFFF1B7D98AC000452E9 /* Assets.xcassets */; };
		DB3BD0031B7D98AC000452E9 /* LaunchScreen.storyboard in Resources */ = {isa = PBXBuildFile; fileRef = DB3BD0011B7D98AC000452E9 /* LaunchScreen.storyboard */; };
		DB3BD00E1B7D98AC000452E9 /* YTKDemoTests.m in Sources */ = {isa = PBXBuildFile; fileRef = DB3BD00D1B7D98AC000452E9 /* YTKDemoTests.m */; };
		DB3BD0281B7D9C77000452E9 /* RequestBase.m in Sources */ = {isa = PBXBuildFile; fileRef = DB3BD0271B7D9C77000452E9 /* RequestBase.m */; };
		DB3BD02B1B7D9C8C000452E9 /* ResponseBase.m in Sources */ = {isa = PBXBuildFile; fileRef = DB3BD02A1B7D9C8C000452E9 /* ResponseBase.m */; };
		DB3BD02E1B7D9CD9000452E9 /* RequestSearchTel.m in Sources */ = {isa = PBXBuildFile; fileRef = DB3BD02D1B7D9CD9000452E9 /* RequestSearchTel.m */; };
		DB3BD0311B7D9CF4000452E9 /* ResponseSearchTel.m in Sources */ = {isa = PBXBuildFile; fileRef = DB3BD0301B7D9CF4000452E9 /* ResponseSearchTel.m */; };
		DB3BD0341B7D9D4F000452E9 /* TelInfo.m in Sources */ = {isa = PBXBuildFile; fileRef = DB3BD0331B7D9D4F000452E9 /* TelInfo.m */; };
/* End PBXBuildFile section */

/* Begin PBXContainerItemProxy section */
		DB3BD00A1B7D98AC000452E9 /* PBXContainerItemProxy */ = {
			isa = PBXContainerItemProxy;
			containerPortal = DB3BCFE81B7D98AC000452E9 /* Project object */;
			proxyType = 1;
			remoteGlobalIDString = DB3BCFEF1B7D98AC000452E9;
			remoteInfo = YTKDemo;
		};
/* End PBXContainerItemProxy section */

/* Begin PBXFileReference section */
		0B62F2782B2131C5219F9A33 /* libPods.a */ = {isa = PBXFileReference; explicitFileType = archive.ar; includeInIndex = 0; path = libPods.a; sourceTree = BUILT_PRODUCTS_DIR; };
		387B21075E30069AE28945D2 /* Pods.release.xcconfig */ = {isa = PBXFileReference; includeInIndex = 1; lastKnownFileType = text.xcconfig; name = Pods.release.xcconfig; path = "Pods/Target Support Files/Pods/Pods.release.xcconfig"; sourceTree = "<group>"; };
		DB3BCFF01B7D98AC000452E9 /* YTKDemo.app */ = {isa = PBXFileReference; explicitFileType = wrapper.application; includeInIndex = 0; path = YTKDemo.app; sourceTree = BUILT_PRODUCTS_DIR; };
		DB3BCFF41B7D98AC000452E9 /* main.m */ = {isa = PBXFileReference; lastKnownFileType = sourcecode.c.objc; path = main.m; sourceTree = "<group>"; };
		DB3BCFF61B7D98AC000452E9 /* AppDelegate.h */ = {isa = PBXFileReference; lastKnownFileType = sourcecode.c.h; path = AppDelegate.h; sourceTree = "<group>"; };
		DB3BCFF71B7D98AC000452E9 /* AppDelegate.m */ = {isa = PBXFileReference; lastKnownFileType = sourcecode.c.objc; path = AppDelegate.m; sourceTree = "<group>"; };
		DB3BCFF91B7D98AC000452E9 /* ViewController.h */ = {isa = PBXFileReference; lastKnownFileType = sourcecode.c.h; path = ViewController.h; sourceTree = "<group>"; };
		DB3BCFFA1B7D98AC000452E9 /* ViewController.m */ = {isa = PBXFileReference; lastKnownFileType = sourcecode.c.objc; path = ViewController.m; sourceTree = "<group>"; };
		DB3BCFFD1B7D98AC000452E9 /* Base */ = {isa = PBXFileReference; lastKnownFileType = file.storyboard; name = Base; path = Base.lproj/Main.storyboard; sourceTree = "<group>"; };
		DB3BCFFF1B7D98AC000452E9 /* Assets.xcassets */ = {isa = PBXFileReference; lastKnownFileType = folder.assetcatalog; path = Assets.xcassets; sourceTree = "<group>"; };
		DB3BD0021B7D98AC000452E9 /* Base */ = {isa = PBXFileReference; lastKnownFileType = file.storyboard; name = Base; path = Base.lproj/LaunchScreen.storyboard; sourceTree = "<group>"; };
		DB3BD0041B7D98AC000452E9 /* Info.plist */ = {isa = PBXFileReference; lastKnownFileType = text.plist.xml; path = Info.plist; sourceTree = "<group>"; };
		DB3BD0091B7D98AC000452E9 /* YTKDemoTests.xctest */ = {isa = PBXFileReference; explicitFileType = wrapper.cfbundle; includeInIndex = 0; path = YTKDemoTests.xctest; sourceTree = BUILT_PRODUCTS_DIR; };
		DB3BD00D1B7D98AC000452E9 /* YTKDemoTests.m */ = {isa = PBXFileReference; lastKnownFileType = sourcecode.c.objc; path = YTKDemoTests.m; sourceTree = "<group>"; };
		DB3BD00F1B7D98AC000452E9 /* Info.plist */ = {isa = PBXFileReference; lastKnownFileType = text.plist.xml; path = Info.plist; sourceTree = "<group>"; };
		DB3BD0181B7D98AC000452E9 /* YTKDemoUITests.m */ = {isa = PBXFileReference; lastKnownFileType = sourcecode.c.objc; path = YTKDemoUITests.m; sourceTree = "<group>"; };
		DB3BD01A1B7D98AC000452E9 /* Info.plist */ = {isa = PBXFileReference; lastKnownFileType = text.plist.xml; path = Info.plist; sourceTree = "<group>"; };
		DB3BD0261B7D9C77000452E9 /* RequestBase.h */ = {isa = PBXFileReference; fileEncoding = 4; lastKnownFileType = sourcecode.c.h; path = RequestBase.h; sourceTree = "<group>"; };
		DB3BD0271B7D9C77000452E9 /* RequestBase.m */ = {isa = PBXFileReference; fileEncoding = 4; lastKnownFileType = sourcecode.c.objc; path = RequestBase.m; sourceTree = "<group>"; };
		DB3BD0291B7D9C8C000452E9 /* ResponseBase.h */ = {isa = PBXFileReference; fileEncoding = 4; lastKnownFileType = sourcecode.c.h; path = ResponseBase.h; sourceTree = "<group>"; };
		DB3BD02A1B7D9C8C000452E9 /* ResponseBase.m */ = {isa = PBXFileReference; fileEncoding = 4; lastKnownFileType = sourcecode.c.objc; path = ResponseBase.m; sourceTree = "<group>"; };
		DB3BD02C1B7D9CD9000452E9 /* RequestSearchTel.h */ = {isa = PBXFileReference; fileEncoding = 4; lastKnownFileType = sourcecode.c.h; path = RequestSearchTel.h; sourceTree = "<group>"; };
		DB3BD02D1B7D9CD9000452E9 /* RequestSearchTel.m */ = {isa = PBXFileReference; fileEncoding = 4; lastKnownFileType = sourcecode.c.objc; path = RequestSearchTel.m; sourceTree = "<group>"; };
		DB3BD02F1B7D9CF4000452E9 /* ResponseSearchTel.h */ = {isa = PBXFileReference; fileEncoding = 4; lastKnownFileType = sourcecode.c.h; path = ResponseSearchTel.h; sourceTree = "<group>"; };
		DB3BD0301B7D9CF4000452E9 /* ResponseSearchTel.m */ = {isa = PBXFileReference; fileEncoding = 4; lastKnownFileType = sourcecode.c.objc; path = ResponseSearchTel.m; sourceTree = "<group>"; };
		DB3BD0321B7D9D4F000452E9 /* TelInfo.h */ = {isa = PBXFileReference; fileEncoding = 4; lastKnownFileType = sourcecode.c.h; path = TelInfo.h; sourceTree = "<group>"; };
		DB3BD0331B7D9D4F000452E9 /* TelInfo.m */ = {isa = PBXFileReference; fileEncoding = 4; lastKnownFileType = sourcecode.c.objc; path = TelInfo.m; sourceTree = "<group>"; };
		F2205A11E9368B9393CB6861 /* Pods.debug.xcconfig */ = {isa = PBXFileReference; includeInIndex = 1; lastKnownFileType = text.xcconfig; name = Pods.debug.xcconfig; path = "Pods/Target Support Files/Pods/Pods.debug.xcconfig"; sourceTree = "<group>"; };
/* End PBXFileReference section */

/* Begin PBXFrameworksBuildPhase section */
		DB3BCFED1B7D98AC000452E9 /* Frameworks */ = {
			isa = PBXFrameworksBuildPhase;
			buildActionMask = 2147483647;
			files = (
				99CFFC0FF6C403D329ADE10D /* libPods.a in Frameworks */,
			);
			runOnlyForDeploymentPostprocessing = 0;
		};
		DB3BD0061B7D98AC000452E9 /* Frameworks */ = {
			isa = PBXFrameworksBuildPhase;
			buildActionMask = 2147483647;
			files = (
			);
			runOnlyForDeploymentPostprocessing = 0;
		};
/* End PBXFrameworksBuildPhase section */

/* Begin PBXGroup section */
		DB3BCFE71B7D98AC000452E9 = {
			isa = PBXGroup;
			children = (
				DB3BCFF21B7D98AC000452E9 /* YTKDemo */,
				DB3BD00C1B7D98AC000452E9 /* YTKDemoTests */,
				DB3BD0171B7D98AC000452E9 /* YTKDemoUITests */,
				DB3BCFF11B7D98AC000452E9 /* Products */,
				F4D803BEC82D7ECE071A0DAD /* Pods */,
				E7D0E56EFA257CAD0EAEFE9D /* Frameworks */,
			);
			sourceTree = "<group>";
		};
		DB3BCFF11B7D98AC000452E9 /* Products */ = {
			isa = PBXGroup;
			children = (
				DB3BCFF01B7D98AC000452E9 /* YTKDemo.app */,
				DB3BD0091B7D98AC000452E9 /* YTKDemoTests.xctest */,
			);
			name = Products;
			sourceTree = "<group>";
		};
		DB3BCFF21B7D98AC000452E9 /* YTKDemo */ = {
			isa = PBXGroup;
			children = (
				DB3BCFF61B7D98AC000452E9 /* AppDelegate.h */,
				DB3BCFF71B7D98AC000452E9 /* AppDelegate.m */,
				DB3BCFF91B7D98AC000452E9 /* ViewController.h */,
				DB3BCFFA1B7D98AC000452E9 /* ViewController.m */,
				DB3BCFFC1B7D98AC000452E9 /* Main.storyboard */,
				DB3BCFFF1B7D98AC000452E9 /* Assets.xcassets */,
				DB3BD0011B7D98AC000452E9 /* LaunchScreen.storyboard */,
				DB3BD0041B7D98AC000452E9 /* Info.plist */,
				DB3BCFF31B7D98AC000452E9 /* Supporting Files */,
				DB3BD0261B7D9C77000452E9 /* RequestBase.h */,
				DB3BD0271B7D9C77000452E9 /* RequestBase.m */,
				DB3BD0291B7D9C8C000452E9 /* ResponseBase.h */,
				DB3BD02A1B7D9C8C000452E9 /* ResponseBase.m */,
				DB3BD02C1B7D9CD9000452E9 /* RequestSearchTel.h */,
				DB3BD02D1B7D9CD9000452E9 /* RequestSearchTel.m */,
				DB3BD02F1B7D9CF4000452E9 /* ResponseSearchTel.h */,
				DB3BD0301B7D9CF4000452E9 /* ResponseSearchTel.m */,
				DB3BD0321B7D9D4F000452E9 /* TelInfo.h */,
				DB3BD0331B7D9D4F000452E9 /* TelInfo.m */,
			);
			path = YTKDemo;
			sourceTree = "<group>";
		};
		DB3BCFF31B7D98AC000452E9 /* Supporting Files */ = {
			isa = PBXGroup;
			children = (
				DB3BCFF41B7D98AC000452E9 /* main.m */,
			);
			name = "Supporting Files";
			sourceTree = "<group>";
		};
		DB3BD00C1B7D98AC000452E9 /* YTKDemoTests */ = {
			isa = PBXGroup;
			children = (
				DB3BD00D1B7D98AC000452E9 /* YTKDemoTests.m */,
				DB3BD00F1B7D98AC000452E9 /* Info.plist */,
			);
			path = YTKDemoTests;
			sourceTree = "<group>";
		};
		DB3BD0171B7D98AC000452E9 /* YTKDemoUITests */ = {
			isa = PBXGroup;
			children = (
				DB3BD0181B7D98AC000452E9 /* YTKDemoUITests.m */,
				DB3BD01A1B7D98AC000452E9 /* Info.plist */,
			);
			path = YTKDemoUITests;
			sourceTree = "<group>";
		};
		E7D0E56EFA257CAD0EAEFE9D /* Frameworks */ = {
			isa = PBXGroup;
			children = (
				0B62F2782B2131C5219F9A33 /* libPods.a */,
			);
			name = Frameworks;
			sourceTree = "<group>";
		};
		F4D803BEC82D7ECE071A0DAD /* Pods */ = {
			isa = PBXGroup;
			children = (
				F2205A11E9368B9393CB6861 /* Pods.debug.xcconfig */,
				387B21075E30069AE28945D2 /* Pods.release.xcconfig */,
			);
			name = Pods;
			sourceTree = "<group>";
		};
/* End PBXGroup section */

/* Begin PBXNativeTarget section */
		DB3BCFEF1B7D98AC000452E9 /* YTKDemo */ = {
			isa = PBXNativeTarget;
			buildConfigurationList = DB3BD01D1B7D98AC000452E9 /* Build configuration list for PBXNativeTarget "YTKDemo" */;
			buildPhases = (
				F18545B4281A14094A50B328 /* Check Pods Manifest.lock */,
				DB3BCFEC1B7D98AC000452E9 /* Sources */,
				DB3BCFED1B7D98AC000452E9 /* Frameworks */,
				DB3BCFEE1B7D98AC000452E9 /* Resources */,
				3DF2663EE2DB850D08082C0B /* Copy Pods Resources */,
			);
			buildRules = (
			);
			dependencies = (
			);
			name = YTKDemo;
			productName = YTKDemo;
			productReference = DB3BCFF01B7D98AC000452E9 /* YTKDemo.app */;
			productType = "com.apple.product-type.application";
		};
		DB3BD0081B7D98AC000452E9 /* YTKDemoTests */ = {
			isa = PBXNativeTarget;
			buildConfigurationList = DB3BD0201B7D98AC000452E9 /* Build configuration list for PBXNativeTarget "YTKDemoTests" */;
			buildPhases = (
				DB3BD0051B7D98AC000452E9 /* Sources */,
				DB3BD0061B7D98AC000452E9 /* Frameworks */,
				DB3BD0071B7D98AC000452E9 /* Resources */,
			);
			buildRules = (
			);
			dependencies = (
				DB3BD00B1B7D98AC000452E9 /* PBXTargetDependency */,
			);
			name = YTKDemoTests;
			productName = YTKDemoTests;
			productReference = DB3BD0091B7D98AC000452E9 /* YTKDemoTests.xctest */;
			productType = "com.apple.product-type.bundle.unit-test";
		};
/* End PBXNativeTarget section */

/* Begin PBXProject section */
		DB3BCFE81B7D98AC000452E9 /* Project object */ = {
			isa = PBXProject;
			attributes = {
				LastUpgradeCheck = 0700;
				ORGANIZATIONNAME = joiway;
				TargetAttributes = {
					DB3BCFEF1B7D98AC000452E9 = {
						CreatedOnToolsVersion = 7.0;
					};
					DB3BD0081B7D98AC000452E9 = {
						CreatedOnToolsVersion = 7.0;
						TestTargetID = DB3BCFEF1B7D98AC000452E9;
					};
				};
			};
			buildConfigurationList = DB3BCFEB1B7D98AC000452E9 /* Build configuration list for PBXProject "YTKDemo" */;
			compatibilityVersion = "Xcode 3.2";
			developmentRegion = English;
			hasScannedForEncodings = 0;
			knownRegions = (
				en,
				Base,
			);
			mainGroup = DB3BCFE71B7D98AC000452E9;
			productRefGroup = DB3BCFF11B7D98AC000452E9 /* Products */;
			projectDirPath = "";
			projectRoot = "";
			targets = (
				DB3BCFEF1B7D98AC000452E9 /* YTKDemo */,
				DB3BD0081B7D98AC000452E9 /* YTKDemoTests */,
			);
		};
/* End PBXProject section */

/* Begin PBXResourcesBuildPhase section */
		DB3BCFEE1B7D98AC000452E9 /* Resources */ = {
			isa = PBXResourcesBuildPhase;
			buildActionMask = 2147483647;
			files = (
				DB3BD0031B7D98AC000452E9 /* LaunchScreen.storyboard in Resources */,
				DB3BD0001B7D98AC000452E9 /* Assets.xcassets in Resources */,
				DB3BCFFE1B7D98AC000452E9 /* Main.storyboard in Resources */,
			);
			runOnlyForDeploymentPostprocessing = 0;
		};
		DB3BD0071B7D98AC000452E9 /* Resources */ = {
			isa = PBXResourcesBuildPhase;
			buildActionMask = 2147483647;
			files = (
			);
			runOnlyForDeploymentPostprocessing = 0;
		};
/* End PBXResourcesBuildPhase section */

/* Begin PBXShellScriptBuildPhase section */
		3DF2663EE2DB850D08082C0B /* Copy Pods Resources */ = {
			isa = PBXShellScriptBuildPhase;
			buildActionMask = 2147483647;
			files = (
			);
			inputPaths = (
			);
			name = "Copy Pods Resources";
			outputPaths = (
			);
			runOnlyForDeploymentPostprocessing = 0;
			shellPath = /bin/sh;
			shellScript = "\"${SRCROOT}/Pods/Target Support Files/Pods/Pods-resources.sh\"\n";
			showEnvVarsInLog = 0;
		};
		F18545B4281A14094A50B328 /* Check Pods Manifest.lock */ = {
			isa = PBXShellScriptBuildPhase;
			buildActionMask = 2147483647;
			files = (
			);
			inputPaths = (
			);
			name = "Check Pods Manifest.lock";
			outputPaths = (
			);
			runOnlyForDeploymentPostprocessing = 0;
			shellPath = /bin/sh;
			shellScript = "diff \"${PODS_ROOT}/../Podfile.lock\" \"${PODS_ROOT}/Manifest.lock\" > /dev/null\nif [[ $? != 0 ]] ; then\n    cat << EOM\nerror: The sandbox is not in sync with the Podfile.lock. Run 'pod install' or update your CocoaPods installation.\nEOM\n    exit 1\nfi\n";
			showEnvVarsInLog = 0;
		};
/* End PBXShellScriptBuildPhase section */

/* Begin PBXSourcesBuildPhase section */
		DB3BCFEC1B7D98AC000452E9 /* Sources */ = {
			isa = PBXSourcesBuildPhase;
			buildActionMask = 2147483647;
			files = (
				DB3BD0281B7D9C77000452E9 /* RequestBase.m in Sources */,
				DB3BCFFB1B7D98AC000452E9 /* ViewController.m in Sources */,
				DB3BCFF81B7D98AC000452E9 /* AppDelegate.m in Sources */,
				DB3BCFF51B7D98AC000452E9 /* main.m in Sources */,
				DB3BD0311B7D9CF4000452E9 /* ResponseSearchTel.m in Sources */,
				DB3BD0341B7D9D4F000452E9 /* TelInfo.m in Sources */,
				DB3BD02B1B7D9C8C000452E9 /* ResponseBase.m in Sources */,
				DB3BD02E1B7D9CD9000452E9 /* RequestSearchTel.m in Sources */,
			);
			runOnlyForDeploymentPostprocessing = 0;
		};
		DB3BD0051B7D98AC000452E9 /* Sources */ = {
			isa = PBXSourcesBuildPhase;
			buildActionMask = 2147483647;
			files = (
				DB3BD00E1B7D98AC000452E9 /* YTKDemoTests.m in Sources */,
			);
			runOnlyForDeploymentPostprocessing = 0;
		};
/* End PBXSourcesBuildPhase section */

/* Begin PBXTargetDependency section */
		DB3BD00B1B7D98AC000452E9 /* PBXTargetDependency */ = {
			isa = PBXTargetDependency;
			target = DB3BCFEF1B7D98AC000452E9 /* YTKDemo */;
			targetProxy = DB3BD00A1B7D98AC000452E9 /* PBXContainerItemProxy */;
		};
/* End PBXTargetDependency section */

/* Begin PBXVariantGroup section */
		DB3BCFFC1B7D98AC000452E9 /* Main.storyboard */ = {
			isa = PBXVariantGroup;
			children = (
				DB3BCFFD1B7D98AC000452E9 /* Base */,
			);
			name = Main.storyboard;
			sourceTree = "<group>";
		};
		DB3BD0011B7D98AC000452E9 /* LaunchScreen.storyboard */ = {
			isa = PBXVariantGroup;
			children = (
				DB3BD0021B7D98AC000452E9 /* Base */,
			);
			name = LaunchScreen.storyboard;
			sourceTree = "<group>";
		};
/* End PBXVariantGroup section */

/* Begin XCBuildConfiguration section */
		DB3BD01B1B7D98AC000452E9 /* Debug */ = {
			isa = XCBuildConfiguration;
			buildSettings = {
				ALWAYS_SEARCH_USER_PATHS = NO;
				CLANG_CXX_LANGUAGE_STANDARD = "gnu++0x";
				CLANG_CXX_LIBRARY = "libc++";
				CLANG_ENABLE_MODULES = YES;
				CLANG_ENABLE_OBJC_ARC = YES;
				CLANG_WARN_BOOL_CONVERSION = YES;
				CLANG_WARN_CONSTANT_CONVERSION = YES;
				CLANG_WARN_DIRECT_OBJC_ISA_USAGE = YES_ERROR;
				CLANG_WARN_EMPTY_BODY = YES;
				CLANG_WARN_ENUM_CONVERSION = YES;
				CLANG_WARN_INT_CONVERSION = YES;
				CLANG_WARN_OBJC_ROOT_CLASS = YES_ERROR;
				CLANG_WARN_UNREACHABLE_CODE = YES;
				CLANG_WARN__DUPLICATE_METHOD_MATCH = YES;
				"CODE_SIGN_IDENTITY[sdk=iphoneos*]" = "iPhone Developer";
				COPY_PHASE_STRIP = NO;
				DEBUG_INFORMATION_FORMAT = dwarf;
				ENABLE_STRICT_OBJC_MSGSEND = YES;
				ENABLE_TESTABILITY = YES;
				GCC_C_LANGUAGE_STANDARD = gnu99;
				GCC_DYNAMIC_NO_PIC = NO;
				GCC_NO_COMMON_BLOCKS = YES;
				GCC_OPTIMIZATION_LEVEL = 0;
				GCC_PREPROCESSOR_DEFINITIONS = (
					"DEBUG=1",
					"$(inherited)",
				);
				GCC_WARN_64_TO_32_BIT_CONVERSION = YES;
				GCC_WARN_ABOUT_RETURN_TYPE = YES_ERROR;
				GCC_WARN_UNDECLARED_SELECTOR = YES;
				GCC_WARN_UNINITIALIZED_AUTOS = YES_AGGRESSIVE;
				GCC_WARN_UNUSED_FUNCTION = YES;
				GCC_WARN_UNUSED_VARIABLE = YES;
				IPHONEOS_DEPLOYMENT_TARGET = 9.0;
				MTL_ENABLE_DEBUG_INFO = YES;
				ONLY_ACTIVE_ARCH = YES;
				SDKROOT = iphoneos;
			};
			name = Debug;
		};
		DB3BD01C1B7D98AC000452E9 /* Release */ = {
			isa = XCBuildConfiguration;
			buildSettings = {
				ALWAYS_SEARCH_USER_PATHS = NO;
				CLANG_CXX_LANGUAGE_STANDARD = "gnu++0x";
				CLANG_CXX_LIBRARY = "libc++";
				CLANG_ENABLE_MODULES = YES;
				CLANG_ENABLE_OBJC_ARC = YES;
				CLANG_WARN_BOOL_CONVERSION = YES;
				CLANG_WARN_CONSTANT_CONVERSION = YES;
				CLANG_WARN_DIRECT_OBJC_ISA_USAGE = YES_ERROR;
				CLANG_WARN_EMPTY_BODY = YES;
				CLANG_WARN_ENUM_CONVERSION = YES;
				CLANG_WARN_INT_CONVERSION = YES;
				CLANG_WARN_OBJC_ROOT_CLASS = YES_ERROR;
				CLANG_WARN_UNREACHABLE_CODE = YES;
				CLANG_WARN__DUPLICATE_METHOD_MATCH = YES;
				"CODE_SIGN_IDENTITY[sdk=iphoneos*]" = "iPhone Developer";
				COPY_PHASE_STRIP = NO;
				DEBUG_INFORMATION_FORMAT = "dwarf-with-dsym";
				ENABLE_NS_ASSERTIONS = NO;
				ENABLE_STRICT_OBJC_MSGSEND = YES;
				GCC_C_LANGUAGE_STANDARD = gnu99;
				GCC_NO_COMMON_BLOCKS = YES;
				GCC_WARN_64_TO_32_BIT_CONVERSION = YES;
				GCC_WARN_ABOUT_RETURN_TYPE = YES_ERROR;
				GCC_WARN_UNDECLARED_SELECTOR = YES;
				GCC_WARN_UNINITIALIZED_AUTOS = YES_AGGRESSIVE;
				GCC_WARN_UNUSED_FUNCTION = YES;
				GCC_WARN_UNUSED_VARIABLE = YES;
				IPHONEOS_DEPLOYMENT_TARGET = 9.0;
				MTL_ENABLE_DEBUG_INFO = NO;
				SDKROOT = iphoneos;
				VALIDATE_PRODUCT = YES;
			};
			name = Release;
		};
		DB3BD01E1B7D98AC000452E9 /* Debug */ = {
			isa = XCBuildConfiguration;
			baseConfigurationReference = F2205A11E9368B9393CB6861 /* Pods.debug.xcconfig */;
			buildSettings = {
				ASSETCATALOG_COMPILER_APPICON_NAME = AppIcon;
				ENABLE_STRICT_OBJC_MSGSEND = YES;
				GCC_C_LANGUAGE_STANDARD = gnu99;
				INFOPLIST_FILE = YTKDemo/Info.plist;
				IPHONEOS_DEPLOYMENT_TARGET = 7.0;
				LD_RUNPATH_SEARCH_PATHS = "$(inherited) @executable_path/Frameworks";
				PRODUCT_BUNDLE_IDENTIFIER = com.aboo.YTKDemo;
				PRODUCT_NAME = "$(TARGET_NAME)";
			};
			name = Debug;
		};
		DB3BD01F1B7D98AC000452E9 /* Release */ = {
			isa = XCBuildConfiguration;
			baseConfigurationReference = 387B21075E30069AE28945D2 /* Pods.release.xcconfig */;
			buildSettings = {
				ASSETCATALOG_COMPILER_APPICON_NAME = AppIcon;
				ENABLE_STRICT_OBJC_MSGSEND = YES;
				GCC_C_LANGUAGE_STANDARD = gnu99;
				INFOPLIST_FILE = YTKDemo/Info.plist;
				IPHONEOS_DEPLOYMENT_TARGET = 7.0;
				LD_RUNPATH_SEARCH_PATHS = "$(inherited) @executable_path/Frameworks";
				PRODUCT_BUNDLE_IDENTIFIER = com.aboo.YTKDemo;
				PRODUCT_NAME = "$(TARGET_NAME)";
			};
			name = Release;
		};
		DB3BD0211B7D98AC000452E9 /* Debug */ = {
			isa = XCBuildConfiguration;
			buildSettings = {
				BUNDLE_LOADER = "$(TEST_HOST)";
				INFOPLIST_FILE = YTKDemoTests/Info.plist;
				LD_RUNPATH_SEARCH_PATHS = "$(inherited) @executable_path/Frameworks @loader_path/Frameworks";
				PRODUCT_BUNDLE_IDENTIFIER = com.aboo.YTKDemoTests;
				PRODUCT_NAME = "$(TARGET_NAME)";
				TEST_HOST = "$(BUILT_PRODUCTS_DIR)/YTKDemo.app/YTKDemo";
			};
			name = Debug;
		};
		DB3BD0221B7D98AC000452E9 /* Release */ = {
			isa = XCBuildConfiguration;
			buildSettings = {
				BUNDLE_LOADER = "$(TEST_HOST)";
				INFOPLIST_FILE = YTKDemoTests/Info.plist;
				LD_RUNPATH_SEARCH_PATHS = "$(inherited) @executable_path/Frameworks @loader_path/Frameworks";
				PRODUCT_BUNDLE_IDENTIFIER = com.aboo.YTKDemoTests;
				PRODUCT_NAME = "$(TARGET_NAME)";
				TEST_HOST = "$(BUILT_PRODUCTS_DIR)/YTKDemo.app/YTKDemo";
			};
			name = Release;
		};
/* End XCBuildConfiguration section */

/* Begin XCConfigurationList section */
		DB3BCFEB1B7D98AC000452E9 /* Build configuration list for PBXProject "YTKDemo" */ = {
			isa = XCConfigurationList;
			buildConfigurations = (
				DB3BD01B1B7D98AC000452E9 /* Debug */,
				DB3BD01C1B7D98AC000452E9 /* Release */,
			);
			defaultConfigurationIsVisible = 0;
			defaultConfigurationName = Release;
		};
		DB3BD01D1B7D98AC000452E9 /* Build configuration list for PBXNativeTarget "YTKDemo" */ = {
			isa = XCConfigurationList;
			buildConfigurations = (
				DB3BD01E1B7D98AC000452E9 /* Debug */,
				DB3BD01F1B7D98AC000452E9 /* Release */,
			);
			defaultConfigurationIsVisible = 0;
			defaultConfigurationName = Release;
		};
		DB3BD0201B7D98AC000452E9 /* Build configuration list for PBXNativeTarget "YTKDemoTests" */ = {
			isa = XCConfigurationList;
			buildConfigurations = (
				DB3BD0211B7D98AC000452E9 /* Debug */,
				DB3BD0221B7D98AC000452E9 /* Release */,
			);
			defaultConfigurationIsVisible = 0;
			defaultConfigurationName = Release;
		};
/* End XCConfigurationList section */
	};
	rootObject = DB3BCFE81B7D98AC000452E9 /* Project object */;
}
